
Microsoft Visual Studio Solution File, Format Version 12.00
# Visual Studio 2013
VisualStudioVersion = 12.0.40629.0
MinimumVisualStudioVersion = 10.0.40219.1
Project("{FAE04EC0-301F-11D3-BF4B-00C04F79EFBC}") = "MyNugetServer", "MyNugetServer\MyNugetServer.csproj", "{1E026C52-868F-485F-B131-F6C3E261D07D}"
EndProject
Project("{2150E333-8FDC-42A3-9474-1A3956D46DE8}") = "Solution Items", "Solution Items", "{9C7FC7FB-DF50-4D86-B6E3-E1CD9324A806}"
	ProjectSection(SolutionItems) = preProject
		appveyor.yml = appveyor.yml
	EndProjectSection
EndProject
Global
	GlobalSection(SolutionConfigurationPlatforms) = preSolution
		Debug|Any CPU = Debug|Any CPU
		Release|Any CPU = Release|Any CPU
	EndGlobalSection
	GlobalSection(ProjectConfigurationPlatforms) = postSolution
		{1E026C52-868F-485F-B131-F6C3E261D07D}.Debug|Any CPU.ActiveCfg = Debug|Any CPU
		{1E026C52-868F-485F-B131-F6C3E261D07D}.Debug|Any CPU.Build.0 = Debug|Any CPU
		{1E026C52-868F-485F-B131-F6C3E261D07D}.Release|Any CPU.ActiveCfg = Release|Any CPU
		{1E026C52-868F-485F-B131-F6C3E261D07D}.Release|Any CPU.Build.0 = Release|Any CPU
	EndGlobalSection
	GlobalSection(SolutionProperties) = preSolution
		HideSolutionNode = FALSE
	EndGlobalSection
EndGlobal
